
Microsoft Visual Studio Solution File, Format Version 12.00
# Visual Studio 2013
VisualStudioVersion = 12.0.21005.1
MinimumVisualStudioVersion = 10.0.40219.1
Project("{8BC9CEB8-8B4A-11D0-8D11-00A0C91BC942}") = "bt1", "bt1\bt1.vcxproj", "{D5C4905E-1678-4799-B385-AE9ED033ED05}"
EndProject
Project("{8BC9CEB8-8B4A-11D0-8D11-00A0C91BC942}") = "bt2", "bt2\bt2.vcxproj", "{AABA5CC7-8C97-4FBF-A47E-0F56BABF40BE}"
EndProject
Project("{8BC9CEB8-8B4A-11D0-8D11-00A0C91BC942}") = "bt13", "bt13\bt13.vcxproj", "{444EDE20-E95E-4570-A486-D7DA3F6734F7}"
EndProject
Project("{8BC9CEB8-8B4A-11D0-8D11-00A0C91BC942}") = "bt6", "bt6\bt6.vcxproj", "{65415071-ACCC-427A-A05C-6279367106DC}"
EndProject
Project("{8BC9CEB8-8B4A-11D0-8D11-00A0C91BC942}") = "bt8", "bt8\bt8.vcxproj", "{C207AF34-A97D-4657-872B-8896B3D53843}"
EndProject
Project("{8BC9CEB8-8B4A-11D0-8D11-00A0C91BC942}") = "bt7", "bt7\bt7.vcxproj", "{D95615E9-5CB0-4E19-A15D-030288B586F2}"
EndProject
Project("{8BC9CEB8-8B4A-11D0-8D11-00A0C91BC942}") = "bt9", "bt9\bt9.vcxproj", "{F841B744-465E-4A91-8E8D-FCC39AF4B2F5}"
EndProject
Project("{8BC9CEB8-8B4A-11D0-8D11-00A0C91BC942}") = "bt10", "bt10\bt10.vcxproj", "{15780595-6BD8-4586-B531-8EE1633F8C7E}"
EndProject
Project("{8BC9CEB8-8B4A-11D0-8D11-00A0C91BC942}") = "bt4", "bt4\bt4.vcxproj", "{2C91B81E-7800-4C18-97BE-922F94A5CB10}"
EndProject
Project("{8BC9CEB8-8B4A-11D0-8D11-00A0C91BC942}") = "bt11", "bt11\bt11.vcxproj", "{83E72E06-AD8C-4A73-9C91-56D199D8DB99}"
EndProject
Project("{8BC9CEB8-8B4A-11D0-8D11-00A0C91BC942}") = "bt12", "bt12\bt12.vcxproj", "{AA9AE3A7-BF8A-48F7-A38E-49471C8C190B}"
EndProject
Project("{8BC9CEB8-8B4A-11D0-8D11-00A0C91BC942}") = "bt5", "bt5\bt5.vcxproj", "{E0686B6B-D93A-42AD-9C3E-27F0AE139928}"
EndProject
Global
	GlobalSection(SolutionConfigurationPlatforms) = preSolution
		Debug|Win32 = Debug|Win32
		Release|Win32 = Release|Win32
	EndGlobalSection
	GlobalSection(ProjectConfigurationPlatforms) = postSolution
		{D5C4905E-1678-4799-B385-AE9ED033ED05}.Debug|Win32.ActiveCfg = Debug|Win32
		{D5C4905E-1678-4799-B385-AE9ED033ED05}.Debug|Win32.Build.0 = Debug|Win32
		{D5C4905E-1678-4799-B385-AE9ED033ED05}.Release|Win32.ActiveCfg = Release|Win32
		{D5C4905E-1678-4799-B385-AE9ED033ED05}.Release|Win32.Build.0 = Release|Win32
		{AABA5CC7-8C97-4FBF-A47E-0F56BABF40BE}.Debug|Win32.ActiveCfg = Debug|Win32
		{AABA5CC7-8C97-4FBF-A47E-0F56BABF40BE}.Debug|Win32.Build.0 = Debug|Win32
		{AABA5CC7-8C97-4FBF-A47E-0F56BABF40BE}.Release|Win32.ActiveCfg = Release|Win32
		{AABA5CC7-8C97-4FBF-A47E-0F56BABF40BE}.Release|Win32.Build.0 = Release|Win32
		{444EDE20-E95E-4570-A486-D7DA3F6734F7}.Debug|Win32.ActiveCfg = Debug|Win32
		{444EDE20-E95E-4570-A486-D7DA3F6734F7}.Debug|Win32.Build.0 = Debug|Win32
		{444EDE20-E95E-4570-A486-D7DA3F6734F7}.Release|Win32.ActiveCfg = Release|Win32
		{444EDE20-E95E-4570-A486-D7DA3F6734F7}.Release|Win32.Build.0 = Release|Win32
		{65415071-ACCC-427A-A05C-6279367106DC}.Debug|Win32.ActiveCfg = Debug|Win32
		{65415071-ACCC-427A-A05C-6279367106DC}.Debug|Win32.Build.0 = Debug|Win32
		{65415071-ACCC-427A-A05C-6279367106DC}.Release|Win32.ActiveCfg = Release|Win32
		{65415071-ACCC-427A-A05C-6279367106DC}.Release|Win32.Build.0 = Release|Win32
		{C207AF34-A97D-4657-872B-8896B3D53843}.Debug|Win32.ActiveCfg = Debug|Win32
		{C207AF34-A97D-4657-872B-8896B3D53843}.Debug|Win32.Build.0 = Debug|Win32
		{C207AF34-A97D-4657-872B-8896B3D53843}.Release|Win32.ActiveCfg = Release|Win32
		{C207AF34-A97D-4657-872B-8896B3D53843}.Release|Win32.Build.0 = Release|Win32
		{D95615E9-5CB0-4E19-A15D-030288B586F2}.Debug|Win32.ActiveCfg = Debug|Win32
		{D95615E9-5CB0-4E19-A15D-030288B586F2}.Debug|Win32.Build.0 = Debug|Win32
		{D95615E9-5CB0-4E19-A15D-030288B586F2}.Release|Win32.ActiveCfg = Release|Win32
		{D95615E9-5CB0-4E19-A15D-030288B586F2}.Release|Win32.Build.0 = Release|Win32
		{F841B744-465E-4A91-8E8D-FCC39AF4B2F5}.Debug|Win32.ActiveCfg = Debug|Win32
		{F841B744-465E-4A91-8E8D-FCC39AF4B2F5}.Debug|Win32.Build.0 = Debug|Win32
		{F841B744-465E-4A91-8E8D-FCC39AF4B2F5}.Release|Win32.ActiveCfg = Release|Win32
		{F841B744-465E-4A91-8E8D-FCC39AF4B2F5}.Release|Win32.Build.0 = Release|Win32
		{15780595-6BD8-4586-B531-8EE1633F8C7E}.Debug|Win32.ActiveCfg = Debug|Win32
		{15780595-6BD8-4586-B531-8EE1633F8C7E}.Debug|Win32.Build.0 = Debug|Win32
		{15780595-6BD8-4586-B531-8EE1633F8C7E}.Release|Win32.ActiveCfg = Release|Win32
		{15780595-6BD8-4586-B531-8EE1633F8C7E}.Release|Win32.Build.0 = Release|Win32
		{2C91B81E-7800-4C18-97BE-922F94A5CB10}.Debug|Win32.ActiveCfg = Debug|Win32
		{2C91B81E-7800-4C18-97BE-922F94A5CB10}.Debug|Win32.Build.0 = Debug|Win32
		{2C91B81E-7800-4C18-97BE-922F94A5CB10}.Release|Win32.ActiveCfg = Release|Win32
		{2C91B81E-7800-4C18-97BE-922F94A5CB10}.Release|Win32.Build.0 = Release|Win32
		{83E72E06-AD8C-4A73-9C91-56D199D8DB99}.Debug|Win32.ActiveCfg = Debug|Win32
		{83E72E06-AD8C-4A73-9C91-56D199D8DB99}.Debug|Win32.Build.0 = Debug|Win32
		{83E72E06-AD8C-4A73-9C91-56D199D8DB99}.Release|Win32.ActiveCfg = Release|Win32
		{83E72E06-AD8C-4A73-9C91-56D199D8DB99}.Release|Win32.Build.0 = Release|Win32
		{AA9AE3A7-BF8A-48F7-A38E-49471C8C190B}.Debug|Win32.ActiveCfg = Debug|Win32
		{AA9AE3A7-BF8A-48F7-A38E-49471C8C190B}.Debug|Win32.Build.0 = Debug|Win32
		{AA9AE3A7-BF8A-48F7-A38E-49471C8C190B}.Release|Win32.ActiveCfg = Release|Win32
		{AA9AE3A7-BF8A-48F7-A38E-49471C8C190B}.Release|Win32.Build.0 = Release|Win32
		{E0686B6B-D93A-42AD-9C3E-27F0AE139928}.Debug|Win32.ActiveCfg = Debug|Win32
		{E0686B6B-D93A-42AD-9C3E-27F0AE139928}.Debug|Win32.Build.0 = Debug|Win32
		{E0686B6B-D93A-42AD-9C3E-27F0AE139928}.Release|Win32.ActiveCfg = Release|Win32
		{E0686B6B-D93A-42AD-9C3E-27F0AE139928}.Release|Win32.Build.0 = Release|Win32
	EndGlobalSection
	GlobalSection(SolutionProperties) = preSolution
		HideSolutionNode = FALSE
	EndGlobalSection
EndGlobal
