
Microsoft Visual Studio Solution File, Format Version 12.00
# Visual Studio 2013
VisualStudioVersion = 12.0.21005.1
MinimumVisualStudioVersion = 10.0.40219.1
Project("{8BC9CEB8-8B4A-11D0-8D11-00A0C91BC942}") = "bt1", "bt1\bt1.vcxproj", "{AF37BA49-AC77-4B90-8206-D662C8CFC311}"
EndProject
Project("{8BC9CEB8-8B4A-11D0-8D11-00A0C91BC942}") = "bt2", "bt2\bt2.vcxproj", "{ECB2D675-4C4A-4F59-9DF0-5B458AFDBB5D}"
EndProject
Project("{8BC9CEB8-8B4A-11D0-8D11-00A0C91BC942}") = "bt3", "bt3\bt3.vcxproj", "{0742ADA1-E491-438A-9D69-F2D62FAA50A8}"
EndProject
Project("{8BC9CEB8-8B4A-11D0-8D11-00A0C91BC942}") = "bt4", "bt4\bt4.vcxproj", "{473D36BB-D746-4B91-B703-55165A76C818}"
EndProject
Project("{8BC9CEB8-8B4A-11D0-8D11-00A0C91BC942}") = "bt5", "bt5\bt5.vcxproj", "{25EFE54E-7EA3-481E-81DC-7B755F96DF69}"
EndProject
Project("{8BC9CEB8-8B4A-11D0-8D11-00A0C91BC942}") = "bt6", "bt6\bt6.vcxproj", "{C213E376-B51D-4B71-9F7B-0DE58C223420}"
EndProject
Project("{8BC9CEB8-8B4A-11D0-8D11-00A0C91BC942}") = "bt7", "bt7\bt7.vcxproj", "{9DBFA66E-B29A-46B4-8624-A8E3D3B27414}"
EndProject
Project("{8BC9CEB8-8B4A-11D0-8D11-00A0C91BC942}") = "bt8", "bt8\bt8.vcxproj", "{EDAD083D-5322-4671-B9C8-68BBC4960B8D}"
EndProject
Project("{8BC9CEB8-8B4A-11D0-8D11-00A0C91BC942}") = "bt9", "bt9\bt9.vcxproj", "{A55863F9-1A97-4089-B8CE-DD9726E88C68}"
EndProject
Project("{8BC9CEB8-8B4A-11D0-8D11-00A0C91BC942}") = "bt10", "bt10\bt10.vcxproj", "{BA81C80F-6E9F-497D-8AC6-833FD2FEDC54}"
EndProject
Project("{8BC9CEB8-8B4A-11D0-8D11-00A0C91BC942}") = "bt11", "bt11\bt11.vcxproj", "{D5665683-1F44-4D05-B012-B265175302B9}"
EndProject
Project("{8BC9CEB8-8B4A-11D0-8D11-00A0C91BC942}") = "bt12", "12\12.vcxproj", "{30734514-6492-4460-B60F-35F6520409FA}"
EndProject
Project("{8BC9CEB8-8B4A-11D0-8D11-00A0C91BC942}") = "bt13", "bt13\bt13.vcxproj", "{05CAAC2A-F515-461A-9DF7-1091A6A29013}"
EndProject
Project("{8BC9CEB8-8B4A-11D0-8D11-00A0C91BC942}") = "bt14", "bt14\bt14.vcxproj", "{F581018E-4B07-4121-8ABB-B6664E4883E4}"
EndProject
Project("{8BC9CEB8-8B4A-11D0-8D11-00A0C91BC942}") = "bt15", "bt15\bt15.vcxproj", "{3E193AFC-E50F-4A77-8053-DF87F1044301}"
EndProject
Project("{8BC9CEB8-8B4A-11D0-8D11-00A0C91BC942}") = "bt16", "bt16\bt16.vcxproj", "{3738D974-F2F9-4BE6-B6B1-25A2DDE62CF7}"
EndProject
Project("{8BC9CEB8-8B4A-11D0-8D11-00A0C91BC942}") = "bt17", "bt17\bt17.vcxproj", "{7FC66F61-544A-48AA-B0CF-947428845BE9}"
EndProject
Project("{8BC9CEB8-8B4A-11D0-8D11-00A0C91BC942}") = "bt18", "bt18\bt18.vcxproj", "{798EEE08-6459-413A-ABBD-E1D082FFF9F5}"
EndProject
Project("{8BC9CEB8-8B4A-11D0-8D11-00A0C91BC942}") = "bt19", "bt19\bt19.vcxproj", "{04E4723B-536C-4B5C-9069-5A2804E06F43}"
EndProject
Project("{8BC9CEB8-8B4A-11D0-8D11-00A0C91BC942}") = "bt20", "bt20\bt20.vcxproj", "{02D0F210-B401-4F34-9786-57D2C066A19D}"
EndProject
Project("{8BC9CEB8-8B4A-11D0-8D11-00A0C91BC942}") = "bt21", "bt21\bt21.vcxproj", "{BC16F8F6-2FD7-4B7D-AA04-2E726E85974C}"
EndProject
Project("{8BC9CEB8-8B4A-11D0-8D11-00A0C91BC942}") = "bt22", "bt22\bt22.vcxproj", "{45479CB2-7B28-4616-A8BE-E1836BD1E656}"
EndProject
Project("{8BC9CEB8-8B4A-11D0-8D11-00A0C91BC942}") = "bt23", "bt23\bt23.vcxproj", "{429BF5BA-3DFB-4377-A184-95E9F6D0ED83}"
EndProject
Project("{8BC9CEB8-8B4A-11D0-8D11-00A0C91BC942}") = "bt25", "bt25\bt25.vcxproj", "{FE47194C-9C47-4EDE-A61B-84E5DB62E1F4}"
EndProject
Project("{8BC9CEB8-8B4A-11D0-8D11-00A0C91BC942}") = "bt24", "bt24\bt24.vcxproj", "{715406F5-8C77-447D-B1B6-E998EE872E3A}"
EndProject
Project("{8BC9CEB8-8B4A-11D0-8D11-00A0C91BC942}") = "bt26", "bt26\bt26.vcxproj", "{BB38A61B-FA4E-4FDA-81EB-D542FF384D7A}"
EndProject
Project("{8BC9CEB8-8B4A-11D0-8D11-00A0C91BC942}") = "bt27", "bt27\bt27.vcxproj", "{BDC1536E-AF09-47AB-8683-53650AC028A5}"
EndProject
Project("{8BC9CEB8-8B4A-11D0-8D11-00A0C91BC942}") = "bt28", "bt28\bt28.vcxproj", "{64F6696F-0960-4BFB-A586-3927CEA908C6}"
EndProject
Project("{8BC9CEB8-8B4A-11D0-8D11-00A0C91BC942}") = "bt29", "bt29\bt29.vcxproj", "{ED18ADD8-E850-4E55-BBBF-94A8E9C1670D}"
EndProject
Project("{8BC9CEB8-8B4A-11D0-8D11-00A0C91BC942}") = "bt30", "30\30.vcxproj", "{0ED5378B-9B6C-4F6F-A78F-4D85BC5C38CA}"
EndProject
Project("{8BC9CEB8-8B4A-11D0-8D11-00A0C91BC942}") = "bt31", "bt31\bt31.vcxproj", "{AC22532B-3E49-436B-8F5E-ED5A843DD471}"
EndProject
Project("{8BC9CEB8-8B4A-11D0-8D11-00A0C91BC942}") = "bt32", "bt32\bt32.vcxproj", "{85A55032-FC9A-4167-849F-3D0FD88CAFCB}"
EndProject
Project("{8BC9CEB8-8B4A-11D0-8D11-00A0C91BC942}") = "bt33", "bt33\bt33.vcxproj", "{2FEF5061-18B6-4A5B-94A1-3EFA2E17BBF6}"
EndProject
Global
	GlobalSection(SolutionConfigurationPlatforms) = preSolution
		Debug|Win32 = Debug|Win32
		Release|Win32 = Release|Win32
	EndGlobalSection
	GlobalSection(ProjectConfigurationPlatforms) = postSolution
		{AF37BA49-AC77-4B90-8206-D662C8CFC311}.Debug|Win32.ActiveCfg = Debug|Win32
		{AF37BA49-AC77-4B90-8206-D662C8CFC311}.Debug|Win32.Build.0 = Debug|Win32
		{AF37BA49-AC77-4B90-8206-D662C8CFC311}.Release|Win32.ActiveCfg = Release|Win32
		{AF37BA49-AC77-4B90-8206-D662C8CFC311}.Release|Win32.Build.0 = Release|Win32
		{ECB2D675-4C4A-4F59-9DF0-5B458AFDBB5D}.Debug|Win32.ActiveCfg = Debug|Win32
		{ECB2D675-4C4A-4F59-9DF0-5B458AFDBB5D}.Debug|Win32.Build.0 = Debug|Win32
		{ECB2D675-4C4A-4F59-9DF0-5B458AFDBB5D}.Release|Win32.ActiveCfg = Release|Win32
		{ECB2D675-4C4A-4F59-9DF0-5B458AFDBB5D}.Release|Win32.Build.0 = Release|Win32
		{0742ADA1-E491-438A-9D69-F2D62FAA50A8}.Debug|Win32.ActiveCfg = Debug|Win32
		{0742ADA1-E491-438A-9D69-F2D62FAA50A8}.Debug|Win32.Build.0 = Debug|Win32
		{0742ADA1-E491-438A-9D69-F2D62FAA50A8}.Release|Win32.ActiveCfg = Release|Win32
		{0742ADA1-E491-438A-9D69-F2D62FAA50A8}.Release|Win32.Build.0 = Release|Win32
		{473D36BB-D746-4B91-B703-55165A76C818}.Debug|Win32.ActiveCfg = Debug|Win32
		{473D36BB-D746-4B91-B703-55165A76C818}.Debug|Win32.Build.0 = Debug|Win32
		{473D36BB-D746-4B91-B703-55165A76C818}.Release|Win32.ActiveCfg = Release|Win32
		{473D36BB-D746-4B91-B703-55165A76C818}.Release|Win32.Build.0 = Release|Win32
		{25EFE54E-7EA3-481E-81DC-7B755F96DF69}.Debug|Win32.ActiveCfg = Debug|Win32
		{25EFE54E-7EA3-481E-81DC-7B755F96DF69}.Debug|Win32.Build.0 = Debug|Win32
		{25EFE54E-7EA3-481E-81DC-7B755F96DF69}.Release|Win32.ActiveCfg = Release|Win32
		{25EFE54E-7EA3-481E-81DC-7B755F96DF69}.Release|Win32.Build.0 = Release|Win32
		{C213E376-B51D-4B71-9F7B-0DE58C223420}.Debug|Win32.ActiveCfg = Debug|Win32
		{C213E376-B51D-4B71-9F7B-0DE58C223420}.Debug|Win32.Build.0 = Debug|Win32
		{C213E376-B51D-4B71-9F7B-0DE58C223420}.Release|Win32.ActiveCfg = Release|Win32
		{C213E376-B51D-4B71-9F7B-0DE58C223420}.Release|Win32.Build.0 = Release|Win32
		{9DBFA66E-B29A-46B4-8624-A8E3D3B27414}.Debug|Win32.ActiveCfg = Debug|Win32
		{9DBFA66E-B29A-46B4-8624-A8E3D3B27414}.Debug|Win32.Build.0 = Debug|Win32
		{9DBFA66E-B29A-46B4-8624-A8E3D3B27414}.Release|Win32.ActiveCfg = Release|Win32
		{9DBFA66E-B29A-46B4-8624-A8E3D3B27414}.Release|Win32.Build.0 = Release|Win32
		{EDAD083D-5322-4671-B9C8-68BBC4960B8D}.Debug|Win32.ActiveCfg = Debug|Win32
		{EDAD083D-5322-4671-B9C8-68BBC4960B8D}.Debug|Win32.Build.0 = Debug|Win32
		{EDAD083D-5322-4671-B9C8-68BBC4960B8D}.Release|Win32.ActiveCfg = Release|Win32
		{EDAD083D-5322-4671-B9C8-68BBC4960B8D}.Release|Win32.Build.0 = Release|Win32
		{A55863F9-1A97-4089-B8CE-DD9726E88C68}.Debug|Win32.ActiveCfg = Debug|Win32
		{A55863F9-1A97-4089-B8CE-DD9726E88C68}.Debug|Win32.Build.0 = Debug|Win32
		{A55863F9-1A97-4089-B8CE-DD9726E88C68}.Release|Win32.ActiveCfg = Release|Win32
		{A55863F9-1A97-4089-B8CE-DD9726E88C68}.Release|Win32.Build.0 = Release|Win32
		{BA81C80F-6E9F-497D-8AC6-833FD2FEDC54}.Debug|Win32.ActiveCfg = Debug|Win32
		{BA81C80F-6E9F-497D-8AC6-833FD2FEDC54}.Debug|Win32.Build.0 = Debug|Win32
		{BA81C80F-6E9F-497D-8AC6-833FD2FEDC54}.Release|Win32.ActiveCfg = Release|Win32
		{BA81C80F-6E9F-497D-8AC6-833FD2FEDC54}.Release|Win32.Build.0 = Release|Win32
		{D5665683-1F44-4D05-B012-B265175302B9}.Debug|Win32.ActiveCfg = Debug|Win32
		{D5665683-1F44-4D05-B012-B265175302B9}.Debug|Win32.Build.0 = Debug|Win32
		{D5665683-1F44-4D05-B012-B265175302B9}.Release|Win32.ActiveCfg = Release|Win32
		{D5665683-1F44-4D05-B012-B265175302B9}.Release|Win32.Build.0 = Release|Win32
		{30734514-6492-4460-B60F-35F6520409FA}.Debug|Win32.ActiveCfg = Debug|Win32
		{30734514-6492-4460-B60F-35F6520409FA}.Debug|Win32.Build.0 = Debug|Win32
		{30734514-6492-4460-B60F-35F6520409FA}.Release|Win32.ActiveCfg = Release|Win32
		{30734514-6492-4460-B60F-35F6520409FA}.Release|Win32.Build.0 = Release|Win32
		{05CAAC2A-F515-461A-9DF7-1091A6A29013}.Debug|Win32.ActiveCfg = Debug|Win32
		{05CAAC2A-F515-461A-9DF7-1091A6A29013}.Debug|Win32.Build.0 = Debug|Win32
		{05CAAC2A-F515-461A-9DF7-1091A6A29013}.Release|Win32.ActiveCfg = Release|Win32
		{05CAAC2A-F515-461A-9DF7-1091A6A29013}.Release|Win32.Build.0 = Release|Win32
		{F581018E-4B07-4121-8ABB-B6664E4883E4}.Debug|Win32.ActiveCfg = Debug|Win32
		{F581018E-4B07-4121-8ABB-B6664E4883E4}.Debug|Win32.Build.0 = Debug|Win32
		{F581018E-4B07-4121-8ABB-B6664E4883E4}.Release|Win32.ActiveCfg = Release|Win32
		{F581018E-4B07-4121-8ABB-B6664E4883E4}.Release|Win32.Build.0 = Release|Win32
		{3E193AFC-E50F-4A77-8053-DF87F1044301}.Debug|Win32.ActiveCfg = Debug|Win32
		{3E193AFC-E50F-4A77-8053-DF87F1044301}.Debug|Win32.Build.0 = Debug|Win32
		{3E193AFC-E50F-4A77-8053-DF87F1044301}.Release|Win32.ActiveCfg = Release|Win32
		{3E193AFC-E50F-4A77-8053-DF87F1044301}.Release|Win32.Build.0 = Release|Win32
		{3738D974-F2F9-4BE6-B6B1-25A2DDE62CF7}.Debug|Win32.ActiveCfg = Debug|Win32
		{3738D974-F2F9-4BE6-B6B1-25A2DDE62CF7}.Debug|Win32.Build.0 = Debug|Win32
		{3738D974-F2F9-4BE6-B6B1-25A2DDE62CF7}.Release|Win32.ActiveCfg = Release|Win32
		{3738D974-F2F9-4BE6-B6B1-25A2DDE62CF7}.Release|Win32.Build.0 = Release|Win32
		{7FC66F61-544A-48AA-B0CF-947428845BE9}.Debug|Win32.ActiveCfg = Debug|Win32
		{7FC66F61-544A-48AA-B0CF-947428845BE9}.Debug|Win32.Build.0 = Debug|Win32
		{7FC66F61-544A-48AA-B0CF-947428845BE9}.Release|Win32.ActiveCfg = Release|Win32
		{7FC66F61-544A-48AA-B0CF-947428845BE9}.Release|Win32.Build.0 = Release|Win32
		{798EEE08-6459-413A-ABBD-E1D082FFF9F5}.Debug|Win32.ActiveCfg = Debug|Win32
		{798EEE08-6459-413A-ABBD-E1D082FFF9F5}.Debug|Win32.Build.0 = Debug|Win32
		{798EEE08-6459-413A-ABBD-E1D082FFF9F5}.Release|Win32.ActiveCfg = Release|Win32
		{798EEE08-6459-413A-ABBD-E1D082FFF9F5}.Release|Win32.Build.0 = Release|Win32
		{04E4723B-536C-4B5C-9069-5A2804E06F43}.Debug|Win32.ActiveCfg = Debug|Win32
		{04E4723B-536C-4B5C-9069-5A2804E06F43}.Debug|Win32.Build.0 = Debug|Win32
		{04E4723B-536C-4B5C-9069-5A2804E06F43}.Release|Win32.ActiveCfg = Release|Win32
		{04E4723B-536C-4B5C-9069-5A2804E06F43}.Release|Win32.Build.0 = Release|Win32
		{02D0F210-B401-4F34-9786-57D2C066A19D}.Debug|Win32.ActiveCfg = Debug|Win32
		{02D0F210-B401-4F34-9786-57D2C066A19D}.Debug|Win32.Build.0 = Debug|Win32
		{02D0F210-B401-4F34-9786-57D2C066A19D}.Release|Win32.ActiveCfg = Release|Win32
		{02D0F210-B401-4F34-9786-57D2C066A19D}.Release|Win32.Build.0 = Release|Win32
		{BC16F8F6-2FD7-4B7D-AA04-2E726E85974C}.Debug|Win32.ActiveCfg = Debug|Win32
		{BC16F8F6-2FD7-4B7D-AA04-2E726E85974C}.Debug|Win32.Build.0 = Debug|Win32
		{BC16F8F6-2FD7-4B7D-AA04-2E726E85974C}.Release|Win32.ActiveCfg = Release|Win32
		{BC16F8F6-2FD7-4B7D-AA04-2E726E85974C}.Release|Win32.Build.0 = Release|Win32
		{45479CB2-7B28-4616-A8BE-E1836BD1E656}.Debug|Win32.ActiveCfg = Debug|Win32
		{45479CB2-7B28-4616-A8BE-E1836BD1E656}.Debug|Win32.Build.0 = Debug|Win32
		{45479CB2-7B28-4616-A8BE-E1836BD1E656}.Release|Win32.ActiveCfg = Release|Win32
		{45479CB2-7B28-4616-A8BE-E1836BD1E656}.Release|Win32.Build.0 = Release|Win32
		{429BF5BA-3DFB-4377-A184-95E9F6D0ED83}.Debug|Win32.ActiveCfg = Debug|Win32
		{429BF5BA-3DFB-4377-A184-95E9F6D0ED83}.Debug|Win32.Build.0 = Debug|Win32
		{429BF5BA-3DFB-4377-A184-95E9F6D0ED83}.Release|Win32.ActiveCfg = Release|Win32
		{429BF5BA-3DFB-4377-A184-95E9F6D0ED83}.Release|Win32.Build.0 = Release|Win32
		{FE47194C-9C47-4EDE-A61B-84E5DB62E1F4}.Debug|Win32.ActiveCfg = Debug|Win32
		{FE47194C-9C47-4EDE-A61B-84E5DB62E1F4}.Debug|Win32.Build.0 = Debug|Win32
		{FE47194C-9C47-4EDE-A61B-84E5DB62E1F4}.Release|Win32.ActiveCfg = Release|Win32
		{FE47194C-9C47-4EDE-A61B-84E5DB62E1F4}.Release|Win32.Build.0 = Release|Win32
		{715406F5-8C77-447D-B1B6-E998EE872E3A}.Debug|Win32.ActiveCfg = Debug|Win32
		{715406F5-8C77-447D-B1B6-E998EE872E3A}.Debug|Win32.Build.0 = Debug|Win32
		{715406F5-8C77-447D-B1B6-E998EE872E3A}.Release|Win32.ActiveCfg = Release|Win32
		{715406F5-8C77-447D-B1B6-E998EE872E3A}.Release|Win32.Build.0 = Release|Win32
		{BB38A61B-FA4E-4FDA-81EB-D542FF384D7A}.Debug|Win32.ActiveCfg = Debug|Win32
		{BB38A61B-FA4E-4FDA-81EB-D542FF384D7A}.Debug|Win32.Build.0 = Debug|Win32
		{BB38A61B-FA4E-4FDA-81EB-D542FF384D7A}.Release|Win32.ActiveCfg = Release|Win32
		{BB38A61B-FA4E-4FDA-81EB-D542FF384D7A}.Release|Win32.Build.0 = Release|Win32
		{BDC1536E-AF09-47AB-8683-53650AC028A5}.Debug|Win32.ActiveCfg = Debug|Win32
		{BDC1536E-AF09-47AB-8683-53650AC028A5}.Debug|Win32.Build.0 = Debug|Win32
		{BDC1536E-AF09-47AB-8683-53650AC028A5}.Release|Win32.ActiveCfg = Release|Win32
		{BDC1536E-AF09-47AB-8683-53650AC028A5}.Release|Win32.Build.0 = Release|Win32
		{64F6696F-0960-4BFB-A586-3927CEA908C6}.Debug|Win32.ActiveCfg = Debug|Win32
		{64F6696F-0960-4BFB-A586-3927CEA908C6}.Debug|Win32.Build.0 = Debug|Win32
		{64F6696F-0960-4BFB-A586-3927CEA908C6}.Release|Win32.ActiveCfg = Release|Win32
		{64F6696F-0960-4BFB-A586-3927CEA908C6}.Release|Win32.Build.0 = Release|Win32
		{ED18ADD8-E850-4E55-BBBF-94A8E9C1670D}.Debug|Win32.ActiveCfg = Debug|Win32
		{ED18ADD8-E850-4E55-BBBF-94A8E9C1670D}.Debug|Win32.Build.0 = Debug|Win32
		{ED18ADD8-E850-4E55-BBBF-94A8E9C1670D}.Release|Win32.ActiveCfg = Release|Win32
		{ED18ADD8-E850-4E55-BBBF-94A8E9C1670D}.Release|Win32.Build.0 = Release|Win32
		{0ED5378B-9B6C-4F6F-A78F-4D85BC5C38CA}.Debug|Win32.ActiveCfg = Debug|Win32
		{0ED5378B-9B6C-4F6F-A78F-4D85BC5C38CA}.Debug|Win32.Build.0 = Debug|Win32
		{0ED5378B-9B6C-4F6F-A78F-4D85BC5C38CA}.Release|Win32.ActiveCfg = Release|Win32
		{0ED5378B-9B6C-4F6F-A78F-4D85BC5C38CA}.Release|Win32.Build.0 = Release|Win32
		{AC22532B-3E49-436B-8F5E-ED5A843DD471}.Debug|Win32.ActiveCfg = Debug|Win32
		{AC22532B-3E49-436B-8F5E-ED5A843DD471}.Debug|Win32.Build.0 = Debug|Win32
		{AC22532B-3E49-436B-8F5E-ED5A843DD471}.Release|Win32.ActiveCfg = Release|Win32
		{AC22532B-3E49-436B-8F5E-ED5A843DD471}.Release|Win32.Build.0 = Release|Win32
		{85A55032-FC9A-4167-849F-3D0FD88CAFCB}.Debug|Win32.ActiveCfg = Debug|Win32
		{85A55032-FC9A-4167-849F-3D0FD88CAFCB}.Debug|Win32.Build.0 = Debug|Win32
		{85A55032-FC9A-4167-849F-3D0FD88CAFCB}.Release|Win32.ActiveCfg = Release|Win32
		{85A55032-FC9A-4167-849F-3D0FD88CAFCB}.Release|Win32.Build.0 = Release|Win32
		{2FEF5061-18B6-4A5B-94A1-3EFA2E17BBF6}.Debug|Win32.ActiveCfg = Debug|Win32
		{2FEF5061-18B6-4A5B-94A1-3EFA2E17BBF6}.Debug|Win32.Build.0 = Debug|Win32
		{2FEF5061-18B6-4A5B-94A1-3EFA2E17BBF6}.Release|Win32.ActiveCfg = Release|Win32
		{2FEF5061-18B6-4A5B-94A1-3EFA2E17BBF6}.Release|Win32.Build.0 = Release|Win32
	EndGlobalSection
	GlobalSection(SolutionProperties) = preSolution
		HideSolutionNode = FALSE
	EndGlobalSection
EndGlobal
