
Microsoft Visual Studio Solution File, Format Version 12.00
# Visual Studio 2012
Project("{8BC9CEB8-8B4A-11D0-8D11-00A0C91BC942}") = "project 1", "vi du\vi du.vcxproj", "{742C94C6-1C7A-4943-8E34-8A2E63857653}"
EndProject
Project("{8BC9CEB8-8B4A-11D0-8D11-00A0C91BC942}") = "Project2", "Project2\Project2.vcxproj", "{CE18B0A3-A8CF-4F14-9B9A-E5B7A8F3F9C2}"
EndProject
Project("{8BC9CEB8-8B4A-11D0-8D11-00A0C91BC942}") = "Project3", "Project3\Project3.vcxproj", "{372BAD26-F86E-4857-A075-2A02AE3117E2}"
EndProject
Project("{8BC9CEB8-8B4A-11D0-8D11-00A0C91BC942}") = "143 to 154", "145\145.vcxproj", "{D4584992-5824-471B-9B60-CCBCCC5FD248}"
EndProject
Project("{8BC9CEB8-8B4A-11D0-8D11-00A0C91BC942}") = "3.BT LUYỆN TƯ DUY", "3.BT LUYỆN TƯ DUY\3.BT LUYỆN TƯ DUY.vcxproj", "{D3517F53-211E-442B-99FD-71E264FEE02E}"
EndProject
Project("{8BC9CEB8-8B4A-11D0-8D11-00A0C91BC942}") = "4.TÌM KIẾM VÀ LIỆT KÊ", "4.TÌM KIẾM VÀ LIỆT KÊ\4.TÌM KIẾM VÀ LIỆT KÊ.vcxproj", "{5CB476F7-EDC4-45E4-A172-72FBE8C239CE}"
EndProject
Project("{8BC9CEB8-8B4A-11D0-8D11-00A0C91BC942}") = "5.KỸ THUẬT TÍNH TỔNG", "5.KỸ THUẬT TÍNH TỔNG\5.KỸ THUẬT TÍNH TỔNG.vcxproj", "{8154E55A-8427-421A-823C-00E78331C803}"
EndProject
Project("{8BC9CEB8-8B4A-11D0-8D11-00A0C91BC942}") = "7.KỸ THUẬT ĐẶT CỜ HIỆU", "7.KỸ THUẬT ĐẶT CỜ HIỆU\7.KỸ THUẬT ĐẶT CỜ HIỆU.vcxproj", "{9140B673-9BE9-4D74-99E2-7AF3D3C3F9B8}"
EndProject
Project("{8BC9CEB8-8B4A-11D0-8D11-00A0C91BC942}") = "8.KY THUAT SAP XEP", "8.KY THUAT SAP XEP\8.KY THUAT SAP XEP.vcxproj", "{2E1F20E3-A883-478F-B626-A0071E55BEDD}"
EndProject
Project("{8BC9CEB8-8B4A-11D0-8D11-00A0C91BC942}") = "9.KY THUAT THEM", "9.KY THUAT THEM\9.KY THUAT THEM.vcxproj", "{C04ECAE1-670C-4194-9B3D-127ADACB268D}"
EndProject
Project("{8BC9CEB8-8B4A-11D0-8D11-00A0C91BC942}") = "10.KY THUAT XOA", "10.KY THUAT XOA\10.KY THUAT XOA.vcxproj", "{F32D07DE-917B-4E58-B74E-CBAC19C6C35D}"
EndProject
Project("{8BC9CEB8-8B4A-11D0-8D11-00A0C91BC942}") = "11.KY THUAT XU LY MANG", "11.KY THUAT XU LY MANG\11.KY THUAT XU LY MANG.vcxproj", "{C270FDE1-F428-4B4A-BA16-1E4E886D5FA1}"
EndProject
Project("{8BC9CEB8-8B4A-11D0-8D11-00A0C91BC942}") = "11.KỸ THUẬT XỬ LÍ MẢNG CON", "11.KỸ THUẬT XỬ LÍ MẢNG CON\11.KỸ THUẬT XỬ LÍ MẢNG CON.vcxproj", "{561B4B4F-D546-448C-966B-0D10971D7FFC}"
EndProject
Global
	GlobalSection(SolutionConfigurationPlatforms) = preSolution
		Debug|Win32 = Debug|Win32
		Release|Win32 = Release|Win32
	EndGlobalSection
	GlobalSection(ProjectConfigurationPlatforms) = postSolution
		{742C94C6-1C7A-4943-8E34-8A2E63857653}.Debug|Win32.ActiveCfg = Debug|Win32
		{742C94C6-1C7A-4943-8E34-8A2E63857653}.Debug|Win32.Build.0 = Debug|Win32
		{742C94C6-1C7A-4943-8E34-8A2E63857653}.Release|Win32.ActiveCfg = Release|Win32
		{742C94C6-1C7A-4943-8E34-8A2E63857653}.Release|Win32.Build.0 = Release|Win32
		{CE18B0A3-A8CF-4F14-9B9A-E5B7A8F3F9C2}.Debug|Win32.ActiveCfg = Debug|Win32
		{CE18B0A3-A8CF-4F14-9B9A-E5B7A8F3F9C2}.Debug|Win32.Build.0 = Debug|Win32
		{CE18B0A3-A8CF-4F14-9B9A-E5B7A8F3F9C2}.Release|Win32.ActiveCfg = Release|Win32
		{CE18B0A3-A8CF-4F14-9B9A-E5B7A8F3F9C2}.Release|Win32.Build.0 = Release|Win32
		{372BAD26-F86E-4857-A075-2A02AE3117E2}.Debug|Win32.ActiveCfg = Debug|Win32
		{372BAD26-F86E-4857-A075-2A02AE3117E2}.Debug|Win32.Build.0 = Debug|Win32
		{372BAD26-F86E-4857-A075-2A02AE3117E2}.Release|Win32.ActiveCfg = Release|Win32
		{372BAD26-F86E-4857-A075-2A02AE3117E2}.Release|Win32.Build.0 = Release|Win32
		{D4584992-5824-471B-9B60-CCBCCC5FD248}.Debug|Win32.ActiveCfg = Debug|Win32
		{D4584992-5824-471B-9B60-CCBCCC5FD248}.Debug|Win32.Build.0 = Debug|Win32
		{D4584992-5824-471B-9B60-CCBCCC5FD248}.Release|Win32.ActiveCfg = Release|Win32
		{D4584992-5824-471B-9B60-CCBCCC5FD248}.Release|Win32.Build.0 = Release|Win32
		{D3517F53-211E-442B-99FD-71E264FEE02E}.Debug|Win32.ActiveCfg = Debug|Win32
		{D3517F53-211E-442B-99FD-71E264FEE02E}.Debug|Win32.Build.0 = Debug|Win32
		{D3517F53-211E-442B-99FD-71E264FEE02E}.Release|Win32.ActiveCfg = Release|Win32
		{D3517F53-211E-442B-99FD-71E264FEE02E}.Release|Win32.Build.0 = Release|Win32
		{5CB476F7-EDC4-45E4-A172-72FBE8C239CE}.Debug|Win32.ActiveCfg = Debug|Win32
		{5CB476F7-EDC4-45E4-A172-72FBE8C239CE}.Debug|Win32.Build.0 = Debug|Win32
		{5CB476F7-EDC4-45E4-A172-72FBE8C239CE}.Release|Win32.ActiveCfg = Release|Win32
		{5CB476F7-EDC4-45E4-A172-72FBE8C239CE}.Release|Win32.Build.0 = Release|Win32
		{8154E55A-8427-421A-823C-00E78331C803}.Debug|Win32.ActiveCfg = Debug|Win32
		{8154E55A-8427-421A-823C-00E78331C803}.Debug|Win32.Build.0 = Debug|Win32
		{8154E55A-8427-421A-823C-00E78331C803}.Release|Win32.ActiveCfg = Release|Win32
		{8154E55A-8427-421A-823C-00E78331C803}.Release|Win32.Build.0 = Release|Win32
		{9140B673-9BE9-4D74-99E2-7AF3D3C3F9B8}.Debug|Win32.ActiveCfg = Debug|Win32
		{9140B673-9BE9-4D74-99E2-7AF3D3C3F9B8}.Debug|Win32.Build.0 = Debug|Win32
		{9140B673-9BE9-4D74-99E2-7AF3D3C3F9B8}.Release|Win32.ActiveCfg = Release|Win32
		{9140B673-9BE9-4D74-99E2-7AF3D3C3F9B8}.Release|Win32.Build.0 = Release|Win32
		{2E1F20E3-A883-478F-B626-A0071E55BEDD}.Debug|Win32.ActiveCfg = Debug|Win32
		{2E1F20E3-A883-478F-B626-A0071E55BEDD}.Debug|Win32.Build.0 = Debug|Win32
		{2E1F20E3-A883-478F-B626-A0071E55BEDD}.Release|Win32.ActiveCfg = Release|Win32
		{2E1F20E3-A883-478F-B626-A0071E55BEDD}.Release|Win32.Build.0 = Release|Win32
		{C04ECAE1-670C-4194-9B3D-127ADACB268D}.Debug|Win32.ActiveCfg = Debug|Win32
		{C04ECAE1-670C-4194-9B3D-127ADACB268D}.Debug|Win32.Build.0 = Debug|Win32
		{C04ECAE1-670C-4194-9B3D-127ADACB268D}.Release|Win32.ActiveCfg = Release|Win32
		{C04ECAE1-670C-4194-9B3D-127ADACB268D}.Release|Win32.Build.0 = Release|Win32
		{F32D07DE-917B-4E58-B74E-CBAC19C6C35D}.Debug|Win32.ActiveCfg = Debug|Win32
		{F32D07DE-917B-4E58-B74E-CBAC19C6C35D}.Debug|Win32.Build.0 = Debug|Win32
		{F32D07DE-917B-4E58-B74E-CBAC19C6C35D}.Release|Win32.ActiveCfg = Release|Win32
		{F32D07DE-917B-4E58-B74E-CBAC19C6C35D}.Release|Win32.Build.0 = Release|Win32
		{C270FDE1-F428-4B4A-BA16-1E4E886D5FA1}.Debug|Win32.ActiveCfg = Debug|Win32
		{C270FDE1-F428-4B4A-BA16-1E4E886D5FA1}.Debug|Win32.Build.0 = Debug|Win32
		{C270FDE1-F428-4B4A-BA16-1E4E886D5FA1}.Release|Win32.ActiveCfg = Release|Win32
		{C270FDE1-F428-4B4A-BA16-1E4E886D5FA1}.Release|Win32.Build.0 = Release|Win32
		{561B4B4F-D546-448C-966B-0D10971D7FFC}.Debug|Win32.ActiveCfg = Debug|Win32
		{561B4B4F-D546-448C-966B-0D10971D7FFC}.Debug|Win32.Build.0 = Debug|Win32
		{561B4B4F-D546-448C-966B-0D10971D7FFC}.Release|Win32.ActiveCfg = Release|Win32
		{561B4B4F-D546-448C-966B-0D10971D7FFC}.Release|Win32.Build.0 = Release|Win32
	EndGlobalSection
	GlobalSection(SolutionProperties) = preSolution
		HideSolutionNode = FALSE
	EndGlobalSection
EndGlobal
