<?xml version="1.0" encoding="utf-8"?>
<Project ToolsVersion="4.0" xmlns="http://schemas.microsoft.com/developer/msbuild/2003">
  <ItemGroup>
    <Filter Include="Source Files">
      <UniqueIdentifier>{4FC737F1-C7A5-4376-A066-2A32D752A2FF}</UniqueIdentifier>
      <Extensions>cpp;c;cc;cxx;def;odl;idl;hpj;bat;asm;asmx</Extensions>
    </Filter>
    <Filter Include="Header Files">
      <UniqueIdentifier>{93995380-89BD-4b04-88EB-625FBE52EBFB}</UniqueIdentifier>
      <Extensions>h;hh;hpp;hxx;hm;inl;inc;xsd</Extensions>
    </Filter>
    <Filter Include="Resource Files">
      <UniqueIdentifier>{67DA6AB6-F800-4c08-8B7A-83BB121AAD01}</UniqueIdentifier>
      <Extensions>rc;ico;cur;bmp;dlg;rc2;rct;bin;rgs;gif;jpg;jpeg;jpe;resx;tiff;tif;png;wav;mfcribbon-ms</Extensions>
    </Filter>
  </ItemGroup>
  <ItemGroup>
    <ClCompile Include="main.cpp">
      <Filter>Source Files</Filter>
    </ClCompile>
    <ClCompile Include="TimGiaTriLonNhi.cpp">
      <Filter>Source Files</Filter>
    </ClCompile>
    <ClCompile Include="NhapMangNguyen.cpp">
      <Filter>Source Files</Filter>
    </ClCompile>
    <ClCompile Include="TimGiaTriLonNhat.cpp">
      <Filter>Source Files</Filter>
    </ClCompile>
    <ClCompile Include="TimGiaTriNhoNhat.cpp">
      <Filter>Source Files</Filter>
    </ClCompile>
    <ClCompile Include="TimGiaTriNhoNhi.cpp">
      <Filter>Source Files</Filter>
    </ClCompile>
    <ClCompile Include="TimPhanTuChanDauTien.cpp">
      <Filter>Source Files</Filter>
    </ClCompile>
    <ClCompile Include="TimPhanTuNguyenToCuoi.cpp">
      <Filter>Source Files</Filter>
    </ClCompile>
    <ClCompile Include="TimViTriPhanTuDuongCuoi.cpp">
      <Filter>Source Files</Filter>
    </ClCompile>
    <ClCompile Include="TimViTrigiaTrinhoNhata.cpp">
      <Filter>Source Files</Filter>
    </ClCompile>
    <ClCompile Include="XuatMangNguyen.cpp">
      <Filter>Source Files</Filter>
    </ClCompile>
    <ClCompile Include="KiemTraSoNguyenTo.cpp">
      <Filter>Source Files</Filter>
    </ClCompile>
    <ClCompile Include="TimSoAmLonNhat.cpp">
      <Filter>Source Files</Filter>
    </ClCompile>
    <ClCompile Include="TimGiaTriTrongMangXaXNhat.cpp">
      <Filter>Source Files</Filter>
    </ClCompile>
    <ClCompile Include="XuatKhoangabChuMang.cpp">
      <Filter>Source Files</Filter>
    </ClCompile>
    <ClCompile Include="TimSo2muKDauTien.cpp">
      <Filter>Source Files</Filter>
    </ClCompile>
    <ClCompile Include="ham2.cpp">
      <Filter>Source Files</Filter>
    </ClCompile>
    <ClCompile Include="TinhTongSoCoHangChucChan.cpp">
      <Filter>Source Files</Filter>
    </ClCompile>
    <ClCompile Include="TinhTrungBinhCongSoDuong.cpp">
      <Filter>Source Files</Filter>
    </ClCompile>
    <ClCompile Include="TinhTongCacPhanTuChinhPhuong.cpp">
      <Filter>Source Files</Filter>
    </ClCompile>
    <ClCompile Include="TinhTongCacPhanTu.cpp">
      <Filter>Source Files</Filter>
    </ClCompile>
    <ClCompile Include="LietKeSoNguyenTo.cpp">
      <Filter>Source Files</Filter>
    </ClCompile>
    <ClCompile Include="LieKePhanTuDauChan.cpp">
      <Filter>Source Files</Filter>
    </ClCompile>
    <ClCompile Include="LietKeViTriMax.cpp">
      <Filter>Source Files</Filter>
    </ClCompile>
    <ClCompile Include="LietKeCacSoCoLanCanLe.cpp">
      <Filter>Source Files</Filter>
    </ClCompile>
    <ClCompile Include="LietKePhanTuLonHonTriTuyetSsau.cpp">
      <Filter>Source Files</Filter>
    </ClCompile>
    <ClCompile Include="LietKeGiaTriTrongDoan.cpp">
      <Filter>Source Files</Filter>
    </ClCompile>
    <ClCompile Include="LietKeCacSoAm.cpp">
      <Filter>Source Files</Filter>
    </ClCompile>
    <ClCompile Include="TimUocChungCuaMang.cpp">
      <Filter>Source Files</Filter>
    </ClCompile>
    <ClCompile Include="LietKePhanTuCoItNhatMotCanLe.cpp">
      <Filter>Source Files</Filter>
    </ClCompile>
    <ClCompile Include="TinhTongCacPhanTuCucDai.cpp">
      <Filter>Source Files</Filter>
    </ClCompile>
    <ClCompile Include="XuatCacMangConTangDan.cpp">
      <Filter>Source Files</Filter>
    </ClCompile>
    <ClCompile Include="DemSoNguyenTo.cpp">
      <Filter>Source Files</Filter>
    </ClCompile>
    <ClCompile Include="DemSoPhanTuLonNhat.cpp">
      <Filter>Source Files</Filter>
    </ClCompile>
    <ClCompile Include="SapXepMangTang.cpp">
      <Filter>Source Files</Filter>
    </ClCompile>
    <ClCompile Include="SapXepChanTangLeGiam.cpp">
      <Filter>Source Files</Filter>
    </ClCompile>
    <ClCompile Include="XoaPhanTuAm.cpp">
      <Filter>Source Files</Filter>
    </ClCompile>
    <ClCompile Include="XoaPhanTuBiTrung.cpp">
      <Filter>Source Files</Filter>
    </ClCompile>
  </ItemGroup>
  <ItemGroup>
    <ClInclude Include="ham.h">
      <Filter>Header Files</Filter>
    </ClInclude>
  </ItemGroup>
</Project>