
Microsoft Visual Studio Solution File, Format Version 12.00
# Visual Studio 2013
VisualStudioVersion = 12.0.21005.1
MinimumVisualStudioVersion = 10.0.40219.1
Project("{8BC9CEB8-8B4A-11D0-8D11-00A0C91BC942}") = "DayNhiPhanDoDaiN", "DayNhiPhanDoDaiN\DayNhiPhanDoDaiN.vcxproj", "{07E22FE0-A9CA-4B85-B154-C61142365087}"
EndProject
Project("{8BC9CEB8-8B4A-11D0-8D11-00A0C91BC942}") = "LietKeTapConKPhanTu", "LietKeTapConKPhanTu\LietKeTapConKPhanTu.vcxproj", "{BE943C39-C82A-4DD9-9158-34F574057283}"
EndProject
Project("{8BC9CEB8-8B4A-11D0-8D11-00A0C91BC942}") = "LietKeHoanVi", "LietKeHoanVi\LietKeHoanVi.vcxproj", "{2E45AE42-0616-4266-81D7-88EE659201DA}"
EndProject
Project("{8BC9CEB8-8B4A-11D0-8D11-00A0C91BC942}") = "LietKeChuoiBitDaiNCo01XuatHien2Lan", "LietKeChuoiBitDaiNCo01XuatHien2Lan\LietKeChuoiBitDaiNCo01XuatHien2Lan.vcxproj", "{7E4CE510-8569-408F-B165-B32A108C6050}"
EndProject
Project("{8BC9CEB8-8B4A-11D0-8D11-00A0C91BC942}") = "Project1", "Project1\Project1.vcxproj", "{06D1BFA2-D53F-4992-A84C-6B7AE598E7B7}"
EndProject
Global
	GlobalSection(SolutionConfigurationPlatforms) = preSolution
		Debug|Win32 = Debug|Win32
		Release|Win32 = Release|Win32
	EndGlobalSection
	GlobalSection(ProjectConfigurationPlatforms) = postSolution
		{07E22FE0-A9CA-4B85-B154-C61142365087}.Debug|Win32.ActiveCfg = Debug|Win32
		{07E22FE0-A9CA-4B85-B154-C61142365087}.Debug|Win32.Build.0 = Debug|Win32
		{07E22FE0-A9CA-4B85-B154-C61142365087}.Release|Win32.ActiveCfg = Release|Win32
		{07E22FE0-A9CA-4B85-B154-C61142365087}.Release|Win32.Build.0 = Release|Win32
		{BE943C39-C82A-4DD9-9158-34F574057283}.Debug|Win32.ActiveCfg = Debug|Win32
		{BE943C39-C82A-4DD9-9158-34F574057283}.Debug|Win32.Build.0 = Debug|Win32
		{BE943C39-C82A-4DD9-9158-34F574057283}.Release|Win32.ActiveCfg = Release|Win32
		{BE943C39-C82A-4DD9-9158-34F574057283}.Release|Win32.Build.0 = Release|Win32
		{2E45AE42-0616-4266-81D7-88EE659201DA}.Debug|Win32.ActiveCfg = Debug|Win32
		{2E45AE42-0616-4266-81D7-88EE659201DA}.Debug|Win32.Build.0 = Debug|Win32
		{2E45AE42-0616-4266-81D7-88EE659201DA}.Release|Win32.ActiveCfg = Release|Win32
		{2E45AE42-0616-4266-81D7-88EE659201DA}.Release|Win32.Build.0 = Release|Win32
		{7E4CE510-8569-408F-B165-B32A108C6050}.Debug|Win32.ActiveCfg = Debug|Win32
		{7E4CE510-8569-408F-B165-B32A108C6050}.Debug|Win32.Build.0 = Debug|Win32
		{7E4CE510-8569-408F-B165-B32A108C6050}.Release|Win32.ActiveCfg = Release|Win32
		{7E4CE510-8569-408F-B165-B32A108C6050}.Release|Win32.Build.0 = Release|Win32
		{06D1BFA2-D53F-4992-A84C-6B7AE598E7B7}.Debug|Win32.ActiveCfg = Debug|Win32
		{06D1BFA2-D53F-4992-A84C-6B7AE598E7B7}.Debug|Win32.Build.0 = Debug|Win32
		{06D1BFA2-D53F-4992-A84C-6B7AE598E7B7}.Release|Win32.ActiveCfg = Release|Win32
		{06D1BFA2-D53F-4992-A84C-6B7AE598E7B7}.Release|Win32.Build.0 = Release|Win32
	EndGlobalSection
	GlobalSection(SolutionProperties) = preSolution
		HideSolutionNode = FALSE
	EndGlobalSection
EndGlobal
