
Microsoft Visual Studio Solution File, Format Version 12.00
# Visual Studio 2013
VisualStudioVersion = 12.0.21005.1
MinimumVisualStudioVersion = 10.0.40219.1
Project("{8BC9CEB8-8B4A-11D0-8D11-00A0C91BC942}") = "bt1", "bt1\bt1.vcxproj", "{6C284567-7249-4ACB-95FA-4BA32EF777B3}"
EndProject
Project("{8BC9CEB8-8B4A-11D0-8D11-00A0C91BC942}") = "bt2", "bt2\bt2.vcxproj", "{E45CC55F-14DA-43A5-B341-F157693C4C96}"
EndProject
Project("{8BC9CEB8-8B4A-11D0-8D11-00A0C91BC942}") = "bt3", "bt3\bt3.vcxproj", "{FCF975E3-D8FA-42CE-890E-D8DEBD54A0B6}"
EndProject
Project("{8BC9CEB8-8B4A-11D0-8D11-00A0C91BC942}") = "bt4", "bt4\bt4.vcxproj", "{10A60906-C8B5-41E7-B06D-58C393246004}"
EndProject
Project("{8BC9CEB8-8B4A-11D0-8D11-00A0C91BC942}") = "bt5", "bt5\bt5.vcxproj", "{FE37720F-07DC-46C3-8636-ED43182DD410}"
EndProject
Global
	GlobalSection(SolutionConfigurationPlatforms) = preSolution
		Debug|Win32 = Debug|Win32
		Release|Win32 = Release|Win32
	EndGlobalSection
	GlobalSection(ProjectConfigurationPlatforms) = postSolution
		{6C284567-7249-4ACB-95FA-4BA32EF777B3}.Debug|Win32.ActiveCfg = Debug|Win32
		{6C284567-7249-4ACB-95FA-4BA32EF777B3}.Debug|Win32.Build.0 = Debug|Win32
		{6C284567-7249-4ACB-95FA-4BA32EF777B3}.Release|Win32.ActiveCfg = Release|Win32
		{6C284567-7249-4ACB-95FA-4BA32EF777B3}.Release|Win32.Build.0 = Release|Win32
		{E45CC55F-14DA-43A5-B341-F157693C4C96}.Debug|Win32.ActiveCfg = Debug|Win32
		{E45CC55F-14DA-43A5-B341-F157693C4C96}.Debug|Win32.Build.0 = Debug|Win32
		{E45CC55F-14DA-43A5-B341-F157693C4C96}.Release|Win32.ActiveCfg = Release|Win32
		{E45CC55F-14DA-43A5-B341-F157693C4C96}.Release|Win32.Build.0 = Release|Win32
		{FCF975E3-D8FA-42CE-890E-D8DEBD54A0B6}.Debug|Win32.ActiveCfg = Debug|Win32
		{FCF975E3-D8FA-42CE-890E-D8DEBD54A0B6}.Debug|Win32.Build.0 = Debug|Win32
		{FCF975E3-D8FA-42CE-890E-D8DEBD54A0B6}.Release|Win32.ActiveCfg = Release|Win32
		{FCF975E3-D8FA-42CE-890E-D8DEBD54A0B6}.Release|Win32.Build.0 = Release|Win32
		{10A60906-C8B5-41E7-B06D-58C393246004}.Debug|Win32.ActiveCfg = Debug|Win32
		{10A60906-C8B5-41E7-B06D-58C393246004}.Debug|Win32.Build.0 = Debug|Win32
		{10A60906-C8B5-41E7-B06D-58C393246004}.Release|Win32.ActiveCfg = Release|Win32
		{10A60906-C8B5-41E7-B06D-58C393246004}.Release|Win32.Build.0 = Release|Win32
		{FE37720F-07DC-46C3-8636-ED43182DD410}.Debug|Win32.ActiveCfg = Debug|Win32
		{FE37720F-07DC-46C3-8636-ED43182DD410}.Debug|Win32.Build.0 = Debug|Win32
		{FE37720F-07DC-46C3-8636-ED43182DD410}.Release|Win32.ActiveCfg = Release|Win32
		{FE37720F-07DC-46C3-8636-ED43182DD410}.Release|Win32.Build.0 = Release|Win32
	EndGlobalSection
	GlobalSection(SolutionProperties) = preSolution
		HideSolutionNode = FALSE
	EndGlobalSection
EndGlobal
