
Microsoft Visual Studio Solution File, Format Version 12.00
# Visual Studio 2013
VisualStudioVersion = 12.0.21005.1
MinimumVisualStudioVersion = 10.0.40219.1
Project("{8BC9CEB8-8B4A-11D0-8D11-00A0C91BC942}") = "bt1", "bt1\bt1.vcxproj", "{62DDFB02-689A-4AB0-A9BF-589D56EDEE15}"
EndProject
Project("{8BC9CEB8-8B4A-11D0-8D11-00A0C91BC942}") = "bt3", "bt3\bt3.vcxproj", "{4E90502D-FE11-4072-9580-2B786802663C}"
EndProject
Project("{8BC9CEB8-8B4A-11D0-8D11-00A0C91BC942}") = "bt2", "bt2\bt2.vcxproj", "{82FA4B90-BDFC-4615-9B27-8FA63F71455F}"
EndProject
Project("{8BC9CEB8-8B4A-11D0-8D11-00A0C91BC942}") = "bt4", "bt4\bt4.vcxproj", "{F740829D-C2E7-40B7-A71D-E2A6CD1EE3FC}"
EndProject
Project("{8BC9CEB8-8B4A-11D0-8D11-00A0C91BC942}") = "bt5", "bt5\bt5.vcxproj", "{395E435C-F2E4-431A-B40A-73B63C6FC0FD}"
EndProject
Project("{8BC9CEB8-8B4A-11D0-8D11-00A0C91BC942}") = "bt6", "bt6\bt6.vcxproj", "{1E1ED3FA-DBBB-48D4-8035-DE9EEF434D80}"
EndProject
Project("{8BC9CEB8-8B4A-11D0-8D11-00A0C91BC942}") = "bt7", "bt7\bt7.vcxproj", "{A9F4ED24-0B56-450B-A7C9-E0EDDFFA1308}"
EndProject
Project("{8BC9CEB8-8B4A-11D0-8D11-00A0C91BC942}") = "bt8", "bt8\bt8.vcxproj", "{E0469DEA-DDFD-48CA-95F3-670AC0275356}"
EndProject
Project("{8BC9CEB8-8B4A-11D0-8D11-00A0C91BC942}") = "bt9", "bt9\bt9.vcxproj", "{EEB040C9-85B9-47C9-B8C9-71189DA01A5F}"
EndProject
Project("{8BC9CEB8-8B4A-11D0-8D11-00A0C91BC942}") = "b10", "b10\b10.vcxproj", "{62BFB89B-9C1B-489C-B397-1493BDAA1396}"
EndProject
Project("{8BC9CEB8-8B4A-11D0-8D11-00A0C91BC942}") = "bt11", "bt11\bt11.vcxproj", "{822AD2FB-8252-4FD9-854A-7CFB6B499B61}"
EndProject
Project("{8BC9CEB8-8B4A-11D0-8D11-00A0C91BC942}") = "bt12", "bt12\bt12.vcxproj", "{0E9CA0F6-6362-4134-87B2-57FA89BD7513}"
EndProject
Project("{8BC9CEB8-8B4A-11D0-8D11-00A0C91BC942}") = "bt13", "bt13\bt13.vcxproj", "{2AF7EE55-A669-44FC-BE01-3F28E12E2B58}"
EndProject
Global
	GlobalSection(SolutionConfigurationPlatforms) = preSolution
		Debug|Win32 = Debug|Win32
		Release|Win32 = Release|Win32
	EndGlobalSection
	GlobalSection(ProjectConfigurationPlatforms) = postSolution
		{62DDFB02-689A-4AB0-A9BF-589D56EDEE15}.Debug|Win32.ActiveCfg = Debug|Win32
		{62DDFB02-689A-4AB0-A9BF-589D56EDEE15}.Debug|Win32.Build.0 = Debug|Win32
		{62DDFB02-689A-4AB0-A9BF-589D56EDEE15}.Release|Win32.ActiveCfg = Release|Win32
		{62DDFB02-689A-4AB0-A9BF-589D56EDEE15}.Release|Win32.Build.0 = Release|Win32
		{4E90502D-FE11-4072-9580-2B786802663C}.Debug|Win32.ActiveCfg = Debug|Win32
		{4E90502D-FE11-4072-9580-2B786802663C}.Debug|Win32.Build.0 = Debug|Win32
		{4E90502D-FE11-4072-9580-2B786802663C}.Release|Win32.ActiveCfg = Release|Win32
		{4E90502D-FE11-4072-9580-2B786802663C}.Release|Win32.Build.0 = Release|Win32
		{82FA4B90-BDFC-4615-9B27-8FA63F71455F}.Debug|Win32.ActiveCfg = Debug|Win32
		{82FA4B90-BDFC-4615-9B27-8FA63F71455F}.Debug|Win32.Build.0 = Debug|Win32
		{82FA4B90-BDFC-4615-9B27-8FA63F71455F}.Release|Win32.ActiveCfg = Release|Win32
		{82FA4B90-BDFC-4615-9B27-8FA63F71455F}.Release|Win32.Build.0 = Release|Win32
		{F740829D-C2E7-40B7-A71D-E2A6CD1EE3FC}.Debug|Win32.ActiveCfg = Debug|Win32
		{F740829D-C2E7-40B7-A71D-E2A6CD1EE3FC}.Debug|Win32.Build.0 = Debug|Win32
		{F740829D-C2E7-40B7-A71D-E2A6CD1EE3FC}.Release|Win32.ActiveCfg = Release|Win32
		{F740829D-C2E7-40B7-A71D-E2A6CD1EE3FC}.Release|Win32.Build.0 = Release|Win32
		{395E435C-F2E4-431A-B40A-73B63C6FC0FD}.Debug|Win32.ActiveCfg = Debug|Win32
		{395E435C-F2E4-431A-B40A-73B63C6FC0FD}.Debug|Win32.Build.0 = Debug|Win32
		{395E435C-F2E4-431A-B40A-73B63C6FC0FD}.Release|Win32.ActiveCfg = Release|Win32
		{395E435C-F2E4-431A-B40A-73B63C6FC0FD}.Release|Win32.Build.0 = Release|Win32
		{1E1ED3FA-DBBB-48D4-8035-DE9EEF434D80}.Debug|Win32.ActiveCfg = Debug|Win32
		{1E1ED3FA-DBBB-48D4-8035-DE9EEF434D80}.Debug|Win32.Build.0 = Debug|Win32
		{1E1ED3FA-DBBB-48D4-8035-DE9EEF434D80}.Release|Win32.ActiveCfg = Release|Win32
		{1E1ED3FA-DBBB-48D4-8035-DE9EEF434D80}.Release|Win32.Build.0 = Release|Win32
		{A9F4ED24-0B56-450B-A7C9-E0EDDFFA1308}.Debug|Win32.ActiveCfg = Debug|Win32
		{A9F4ED24-0B56-450B-A7C9-E0EDDFFA1308}.Debug|Win32.Build.0 = Debug|Win32
		{A9F4ED24-0B56-450B-A7C9-E0EDDFFA1308}.Release|Win32.ActiveCfg = Release|Win32
		{A9F4ED24-0B56-450B-A7C9-E0EDDFFA1308}.Release|Win32.Build.0 = Release|Win32
		{E0469DEA-DDFD-48CA-95F3-670AC0275356}.Debug|Win32.ActiveCfg = Debug|Win32
		{E0469DEA-DDFD-48CA-95F3-670AC0275356}.Debug|Win32.Build.0 = Debug|Win32
		{E0469DEA-DDFD-48CA-95F3-670AC0275356}.Release|Win32.ActiveCfg = Release|Win32
		{E0469DEA-DDFD-48CA-95F3-670AC0275356}.Release|Win32.Build.0 = Release|Win32
		{EEB040C9-85B9-47C9-B8C9-71189DA01A5F}.Debug|Win32.ActiveCfg = Debug|Win32
		{EEB040C9-85B9-47C9-B8C9-71189DA01A5F}.Debug|Win32.Build.0 = Debug|Win32
		{EEB040C9-85B9-47C9-B8C9-71189DA01A5F}.Release|Win32.ActiveCfg = Release|Win32
		{EEB040C9-85B9-47C9-B8C9-71189DA01A5F}.Release|Win32.Build.0 = Release|Win32
		{62BFB89B-9C1B-489C-B397-1493BDAA1396}.Debug|Win32.ActiveCfg = Debug|Win32
		{62BFB89B-9C1B-489C-B397-1493BDAA1396}.Debug|Win32.Build.0 = Debug|Win32
		{62BFB89B-9C1B-489C-B397-1493BDAA1396}.Release|Win32.ActiveCfg = Release|Win32
		{62BFB89B-9C1B-489C-B397-1493BDAA1396}.Release|Win32.Build.0 = Release|Win32
		{822AD2FB-8252-4FD9-854A-7CFB6B499B61}.Debug|Win32.ActiveCfg = Debug|Win32
		{822AD2FB-8252-4FD9-854A-7CFB6B499B61}.Debug|Win32.Build.0 = Debug|Win32
		{822AD2FB-8252-4FD9-854A-7CFB6B499B61}.Release|Win32.ActiveCfg = Release|Win32
		{822AD2FB-8252-4FD9-854A-7CFB6B499B61}.Release|Win32.Build.0 = Release|Win32
		{0E9CA0F6-6362-4134-87B2-57FA89BD7513}.Debug|Win32.ActiveCfg = Debug|Win32
		{0E9CA0F6-6362-4134-87B2-57FA89BD7513}.Debug|Win32.Build.0 = Debug|Win32
		{0E9CA0F6-6362-4134-87B2-57FA89BD7513}.Release|Win32.ActiveCfg = Release|Win32
		{0E9CA0F6-6362-4134-87B2-57FA89BD7513}.Release|Win32.Build.0 = Release|Win32
		{2AF7EE55-A669-44FC-BE01-3F28E12E2B58}.Debug|Win32.ActiveCfg = Debug|Win32
		{2AF7EE55-A669-44FC-BE01-3F28E12E2B58}.Debug|Win32.Build.0 = Debug|Win32
		{2AF7EE55-A669-44FC-BE01-3F28E12E2B58}.Release|Win32.ActiveCfg = Release|Win32
		{2AF7EE55-A669-44FC-BE01-3F28E12E2B58}.Release|Win32.Build.0 = Release|Win32
	EndGlobalSection
	GlobalSection(SolutionProperties) = preSolution
		HideSolutionNode = FALSE
	EndGlobalSection
EndGlobal
